
Microsoft Visual Studio Solution File, Format Version 12.00
# Visual Studio Version 16
VisualStudioVersion = 16.0.31702.278
MinimumVisualStudioVersion = 10.0.40219.1
Project("{FAE04EC0-301F-11D3-BF4B-00C04F79EFBC}") = "TrabahoIA-MVC.WebApplication", "TrabahoIA-MVC.WebApplication\TrabahoIA-MVC.WebApplication.csproj", "{598890D8-F791-48E4-9BCB-53768A6ECFCA}"
EndProject
Project("{FAE04EC0-301F-11D3-BF4B-00C04F79EFBC}") = "TrabalhoIA-MVC.ClassLibrary", "TrabalhoIA-MVC.ClassLibrary\TrabalhoIA-MVC.ClassLibrary.csproj", "{4230D62D-C063-4D3D-9275-F8B23BB40148}"
EndProject
Global
	GlobalSection(SolutionConfigurationPlatforms) = preSolution
		Debug|Any CPU = Debug|Any CPU
		Release|Any CPU = Release|Any CPU
	EndGlobalSection
	GlobalSection(ProjectConfigurationPlatforms) = postSolution
		{598890D8-F791-48E4-9BCB-53768A6ECFCA}.Debug|Any CPU.ActiveCfg = Debug|Any CPU
		{598890D8-F791-48E4-9BCB-53768A6ECFCA}.Debug|Any CPU.Build.0 = Debug|Any CPU
		{598890D8-F791-48E4-9BCB-53768A6ECFCA}.Release|Any CPU.ActiveCfg = Release|Any CPU
		{598890D8-F791-48E4-9BCB-53768A6ECFCA}.Release|Any CPU.Build.0 = Release|Any CPU
		{4230D62D-C063-4D3D-9275-F8B23BB40148}.Debug|Any CPU.ActiveCfg = Debug|Any CPU
		{4230D62D-C063-4D3D-9275-F8B23BB40148}.Debug|Any CPU.Build.0 = Debug|Any CPU
		{4230D62D-C063-4D3D-9275-F8B23BB40148}.Release|Any CPU.ActiveCfg = Release|Any CPU
		{4230D62D-C063-4D3D-9275-F8B23BB40148}.Release|Any CPU.Build.0 = Release|Any CPU
	EndGlobalSection
	GlobalSection(SolutionProperties) = preSolution
		HideSolutionNode = FALSE
	EndGlobalSection
	GlobalSection(ExtensibilityGlobals) = postSolution
		SolutionGuid = {502CB420-DE2C-4488-931D-E1E94CC10EA3}
	EndGlobalSection
EndGlobal
